
Microsoft Visual Studio Solution File, Format Version 12.00
# Visual Studio 15
VisualStudioVersion = 15.0.25807.0
MinimumVisualStudioVersion = 10.0.40219.1
Project("{2150E333-8FDC-42A3-9474-1A3956D46DE8}") = "Engine", "Engine", "{2A6796E6-9F7B-4EBD-9BEA-4C526ACA6235}"
EndProject
Project("{2150E333-8FDC-42A3-9474-1A3956D46DE8}") = "Games", "Games", "{FC315344-8B50-49DD-A798-BEDB74656D8D}"
EndProject
Project("{8BC9CEB8-8B4A-11D0-8D11-00A0C91BC942}") = "UEngine", "Intermediate\ProjectFiles\UEngine.vcxproj", "{BAE0B29F-D927-4AA7-923F-0AEB29AD44AB}"
EndProject
Project("{8BC9CEB8-8B4A-11D0-8D11-00A0C91BC942}") = "UE4", "Intermediate\ProjectFiles\UE4.vcxproj", "{054D6D1F-8144-452B-852D-7E3A4B9928AE}"
EndProject
Project("{2150E333-8FDC-42A3-9474-1A3956D46DE8}") = "Visualizers", "Visualizers", "{C269904A-CBEC-4187-A7B7-C4745EAB163D}"
	ProjectSection(SolutionItems) = preProject
		..\..\..\..\..\..\..\games\UE_4.23\Engine\Extras\VisualStudioDebugging\UE4.natvis = ..\..\..\..\..\..\..\games\UE_4.23\Engine\Extras\VisualStudioDebugging\UE4.natvis
	EndProjectSection
EndProject
Global
	GlobalSection(SolutionConfigurationPlatforms) = preSolution
		DebugGame Editor|HTML5 = DebugGame Editor|HTML5
		DebugGame Editor|Win32 = DebugGame Editor|Win32
		DebugGame Editor|Win64 = DebugGame Editor|Win64
		DebugGame|HTML5 = DebugGame|HTML5
		DebugGame|Win32 = DebugGame|Win32
		DebugGame|Win64 = DebugGame|Win64
		Development Editor|HTML5 = Development Editor|HTML5
		Development Editor|Win32 = Development Editor|Win32
		Development Editor|Win64 = Development Editor|Win64
		Development|HTML5 = Development|HTML5
		Development|Win32 = Development|Win32
		Development|Win64 = Development|Win64
		Shipping|HTML5 = Shipping|HTML5
		Shipping|Win32 = Shipping|Win32
		Shipping|Win64 = Shipping|Win64
	EndGlobalSection
	GlobalSection(ProjectConfigurationPlatforms) = postSolution
		{BAE0B29F-D927-4AA7-923F-0AEB29AD44AB}.DebugGame Editor|HTML5.ActiveCfg = Invalid|Win32
		{BAE0B29F-D927-4AA7-923F-0AEB29AD44AB}.DebugGame Editor|Win32.ActiveCfg = Invalid|Win32
		{BAE0B29F-D927-4AA7-923F-0AEB29AD44AB}.DebugGame Editor|Win64.ActiveCfg = DebugGame_Editor|x64
		{BAE0B29F-D927-4AA7-923F-0AEB29AD44AB}.DebugGame Editor|Win64.Build.0 = DebugGame_Editor|x64
		{BAE0B29F-D927-4AA7-923F-0AEB29AD44AB}.DebugGame|HTML5.ActiveCfg = HTML5_DebugGame|Win32
		{BAE0B29F-D927-4AA7-923F-0AEB29AD44AB}.DebugGame|HTML5.Build.0 = HTML5_DebugGame|Win32
		{BAE0B29F-D927-4AA7-923F-0AEB29AD44AB}.DebugGame|Win32.ActiveCfg = DebugGame|Win32
		{BAE0B29F-D927-4AA7-923F-0AEB29AD44AB}.DebugGame|Win32.Build.0 = DebugGame|Win32
		{BAE0B29F-D927-4AA7-923F-0AEB29AD44AB}.DebugGame|Win64.ActiveCfg = DebugGame|x64
		{BAE0B29F-D927-4AA7-923F-0AEB29AD44AB}.DebugGame|Win64.Build.0 = DebugGame|x64
		{BAE0B29F-D927-4AA7-923F-0AEB29AD44AB}.Development Editor|HTML5.ActiveCfg = Invalid|Win32
		{BAE0B29F-D927-4AA7-923F-0AEB29AD44AB}.Development Editor|Win32.ActiveCfg = Invalid|Win32
		{BAE0B29F-D927-4AA7-923F-0AEB29AD44AB}.Development Editor|Win64.ActiveCfg = Development_Editor|x64
		{BAE0B29F-D927-4AA7-923F-0AEB29AD44AB}.Development Editor|Win64.Build.0 = Development_Editor|x64
		{BAE0B29F-D927-4AA7-923F-0AEB29AD44AB}.Development|HTML5.ActiveCfg = HTML5_Development|Win32
		{BAE0B29F-D927-4AA7-923F-0AEB29AD44AB}.Development|HTML5.Build.0 = HTML5_Development|Win32
		{BAE0B29F-D927-4AA7-923F-0AEB29AD44AB}.Development|Win32.ActiveCfg = Development|Win32
		{BAE0B29F-D927-4AA7-923F-0AEB29AD44AB}.Development|Win32.Build.0 = Development|Win32
		{BAE0B29F-D927-4AA7-923F-0AEB29AD44AB}.Development|Win64.ActiveCfg = Development|x64
		{BAE0B29F-D927-4AA7-923F-0AEB29AD44AB}.Development|Win64.Build.0 = Development|x64
		{BAE0B29F-D927-4AA7-923F-0AEB29AD44AB}.Shipping|HTML5.ActiveCfg = HTML5_Shipping|Win32
		{BAE0B29F-D927-4AA7-923F-0AEB29AD44AB}.Shipping|HTML5.Build.0 = HTML5_Shipping|Win32
		{BAE0B29F-D927-4AA7-923F-0AEB29AD44AB}.Shipping|Win32.ActiveCfg = Shipping|Win32
		{BAE0B29F-D927-4AA7-923F-0AEB29AD44AB}.Shipping|Win32.Build.0 = Shipping|Win32
		{BAE0B29F-D927-4AA7-923F-0AEB29AD44AB}.Shipping|Win64.ActiveCfg = Shipping|x64
		{BAE0B29F-D927-4AA7-923F-0AEB29AD44AB}.Shipping|Win64.Build.0 = Shipping|x64
		{054D6D1F-8144-452B-852D-7E3A4B9928AE}.DebugGame Editor|HTML5.ActiveCfg = BuiltWithUnrealBuildTool|Win32
		{054D6D1F-8144-452B-852D-7E3A4B9928AE}.DebugGame Editor|Win32.ActiveCfg = BuiltWithUnrealBuildTool|Win32
		{054D6D1F-8144-452B-852D-7E3A4B9928AE}.DebugGame Editor|Win64.ActiveCfg = BuiltWithUnrealBuildTool|Win32
		{054D6D1F-8144-452B-852D-7E3A4B9928AE}.DebugGame|HTML5.ActiveCfg = BuiltWithUnrealBuildTool|Win32
		{054D6D1F-8144-452B-852D-7E3A4B9928AE}.DebugGame|Win32.ActiveCfg = BuiltWithUnrealBuildTool|Win32
		{054D6D1F-8144-452B-852D-7E3A4B9928AE}.DebugGame|Win64.ActiveCfg = BuiltWithUnrealBuildTool|Win32
		{054D6D1F-8144-452B-852D-7E3A4B9928AE}.Development Editor|HTML5.ActiveCfg = BuiltWithUnrealBuildTool|Win32
		{054D6D1F-8144-452B-852D-7E3A4B9928AE}.Development Editor|Win32.ActiveCfg = BuiltWithUnrealBuildTool|Win32
		{054D6D1F-8144-452B-852D-7E3A4B9928AE}.Development Editor|Win64.ActiveCfg = BuiltWithUnrealBuildTool|Win32
		{054D6D1F-8144-452B-852D-7E3A4B9928AE}.Development|HTML5.ActiveCfg = BuiltWithUnrealBuildTool|Win32
		{054D6D1F-8144-452B-852D-7E3A4B9928AE}.Development|Win32.ActiveCfg = BuiltWithUnrealBuildTool|Win32
		{054D6D1F-8144-452B-852D-7E3A4B9928AE}.Development|Win64.ActiveCfg = BuiltWithUnrealBuildTool|Win32
		{054D6D1F-8144-452B-852D-7E3A4B9928AE}.Shipping|HTML5.ActiveCfg = BuiltWithUnrealBuildTool|Win32
		{054D6D1F-8144-452B-852D-7E3A4B9928AE}.Shipping|Win32.ActiveCfg = BuiltWithUnrealBuildTool|Win32
		{054D6D1F-8144-452B-852D-7E3A4B9928AE}.Shipping|Win64.ActiveCfg = BuiltWithUnrealBuildTool|Win32
	EndGlobalSection
	GlobalSection(SolutionProperties) = preSolution
		HideSolutionNode = FALSE
	EndGlobalSection
	GlobalSection(NestedProjects) = preSolution
		{054D6D1F-8144-452B-852D-7E3A4B9928AE} = {2A6796E6-9F7B-4EBD-9BEA-4C526ACA6235}
		{BAE0B29F-D927-4AA7-923F-0AEB29AD44AB} = {FC315344-8B50-49DD-A798-BEDB74656D8D}
	EndGlobalSection
EndGlobal
